// !$*UTF8*$!
{
	archiveVersion = 1;
	classes = {
	};
	objectVersion = 46;
	objects = {

/* Begin PBXBuildFile section */
		69E8E10E1E91E442009B864A /* AppDelegate.swift in Sources */ = {isa = PBXBuildFile; fileRef = 69E8E10D1E91E442009B864A /* AppDelegate.swift */; };
		69E8E1101E91E442009B864A /* ViewController.swift in Sources */ = {isa = PBXBuildFile; fileRef = 69E8E10F1E91E442009B864A /* ViewController.swift */; };
		69E8E1131E91E442009B864A /* Main.storyboard in Resources */ = {isa = PBXBuildFile; fileRef = 69E8E1111E91E442009B864A /* Main.storyboard */; };
		69E8E1151E91E442009B864A /* Images.xcassets in Resources */ = {isa = PBXBuildFile; fileRef = 69E8E1141E91E442009B864A /* Images.xcassets */; };
		69E8E1181E91E442009B864A /* LaunchScreen.xib in Resources */ = {isa = PBXBuildFile; fileRef = 69E8E1161E91E442009B864A /* LaunchScreen.xib */; };
		69E8E1241E91E442009B864A /* CrystalTests.swift in Sources */ = {isa = PBXBuildFile; fileRef = 69E8E1231E91E442009B864A /* CrystalTests.swift */; };
/* End PBXBuildFile section */

/* Begin PBXContainerItemProxy section */
		69E8E11E1E91E442009B864A /* PBXContainerItemProxy */ = {
			isa = PBXContainerItemProxy;
			containerPortal = 69E8E1001E91E442009B864A /* Project object */;
			proxyType = 1;
			remoteGlobalIDString = 69E8E1071E91E442009B864A;
			remoteInfo = Crystal;
		};
/* End PBXContainerItemProxy section */

/* Begin PBXFileReference section */
		69E8E1081E91E442009B864A /* Crystal.app */ = {isa = PBXFileReference; explicitFileType = wrapper.application; includeInIndex = 0; path = Crystal.app; sourceTree = BUILT_PRODUCTS_DIR; };
		69E8E10C1E91E442009B864A /* Info.plist */ = {isa = PBXFileReference; lastKnownFileType = text.plist.xml; path = Info.plist; sourceTree = "<group>"; };
		69E8E10D1E91E442009B864A /* AppDelegate.swift */ = {isa = PBXFileReference; lastKnownFileType = sourcecode.swift; path = AppDelegate.swift; sourceTree = "<group>"; };
		69E8E10F1E91E442009B864A /* ViewController.swift */ = {isa = PBXFileReference; lastKnownFileType = sourcecode.swift; path = ViewController.swift; sourceTree = "<group>"; };
		69E8E1121E91E442009B864A /* Base */ = {isa = PBXFileReference; lastKnownFileType = file.storyboard; name = Base; path = Base.lproj/Main.storyboard; sourceTree = "<group>"; };
		69E8E1141E91E442009B864A /* Images.xcassets */ = {isa = PBXFileReference; lastKnownFileType = folder.assetcatalog; path = Images.xcassets; sourceTree = "<group>"; };
		69E8E1171E91E442009B864A /* Base */ = {isa = PBXFileReference; lastKnownFileType = file.xib; name = Base; path = Base.lproj/LaunchScreen.xib; sourceTree = "<group>"; };
		69E8E11D1E91E442009B864A /* CrystalTests.xctest */ = {isa = PBXFileReference; explicitFileType = wrapper.cfbundle; includeInIndex = 0; path = CrystalTests.xctest; sourceTree = BUILT_PRODUCTS_DIR; };
		69E8E1221E91E442009B864A /* Info.plist */ = {isa = PBXFileReference; lastKnownFileType = text.plist.xml; path = Info.plist; sourceTree = "<group>"; };
		69E8E1231E91E442009B864A /* CrystalTests.swift */ = {isa = PBXFileReference; lastKnownFileType = sourcecode.swift; path = CrystalTests.swift; sourceTree = "<group>"; };
/* End PBXFileReference section */

/* Begin PBXFrameworksBuildPhase section */
		69E8E1051E91E442009B864A /* Frameworks */ = {
			isa = PBXFrameworksBuildPhase;
			buildActionMask = 2147483647;
			files = (
			);
			runOnlyForDeploymentPostprocessing = 0;
		};
		69E8E11A1E91E442009B864A /* Frameworks */ = {
			isa = PBXFrameworksBuildPhase;
			buildActionMask = 2147483647;
			files = (
			);
			runOnlyForDeploymentPostprocessing = 0;
		};
/* End PBXFrameworksBuildPhase section */

/* Begin PBXGroup section */
		69E8E0FF1E91E442009B864A = {
			isa = PBXGroup;
			children = (
				69E8E10A1E91E442009B864A /* Crystal */,
				69E8E1201E91E442009B864A /* CrystalTests */,
				69E8E1091E91E442009B864A /* Products */,
			);
			sourceTree = "<group>";
		};
		69E8E1091E91E442009B864A /* Products */ = {
			isa = PBXGroup;
			children = (
				69E8E1081E91E442009B864A /* Crystal.app */,
				69E8E11D1E91E442009B864A /* CrystalTests.xctest */,
			);
			name = Products;
			sourceTree = "<group>";
		};
		69E8E10A1E91E442009B864A /* Crystal */ = {
			isa = PBXGroup;
			children = (
				69E8E10D1E91E442009B864A /* AppDelegate.swift */,
				69E8E10F1E91E442009B864A /* ViewController.swift */,
				69E8E1111E91E442009B864A /* Main.storyboard */,
				69E8E1141E91E442009B864A /* Images.xcassets */,
				69E8E1161E91E442009B864A /* LaunchScreen.xib */,
				69E8E10B1E91E442009B864A /* Supporting Files */,
			);
			path = Crystal;
			sourceTree = "<group>";
		};
		69E8E10B1E91E442009B864A /* Supporting Files */ = {
			isa = PBXGroup;
			children = (
				69E8E10C1E91E442009B864A /* Info.plist */,
			);
			name = "Supporting Files";
			sourceTree = "<group>";
		};
		69E8E1201E91E442009B864A /* CrystalTests */ = {
			isa = PBXGroup;
			children = (
				69E8E1231E91E442009B864A /* CrystalTests.swift */,
				69E8E1211E91E442009B864A /* Supporting Files */,
			);
			path = CrystalTests;
			sourceTree = "<group>";
		};
		69E8E1211E91E442009B864A /* Supporting Files */ = {
			isa = PBXGroup;
			children = (
				69E8E1221E91E442009B864A /* Info.plist */,
			);
			name = "Supporting Files";
			sourceTree = "<group>";
		};
/* End PBXGroup section */

/* Begin PBXNativeTarget section */
		69E8E1071E91E442009B864A /* Crystal */ = {
			isa = PBXNativeTarget;
			buildConfigurationList = 69E8E1271E91E442009B864A /* Build configuration list for PBXNativeTarget "Crystal" */;
			buildPhases = (
				69E8E1041E91E442009B864A /* Sources */,
				69E8E1051E91E442009B864A /* Frameworks */,
				69E8E1061E91E442009B864A /* Resources */,
			);
			buildRules = (
			);
			dependencies = (
			);
			name = Crystal;
			productName = Crystal;
			productReference = 69E8E1081E91E442009B864A /* Crystal.app */;
			productType = "com.apple.product-type.application";
		};
		69E8E11C1E91E442009B864A /* CrystalTests */ = {
			isa = PBXNativeTarget;
			buildConfigurationList = 69E8E12A1E91E442009B864A /* Build configuration list for PBXNativeTarget "CrystalTests" */;
			buildPhases = (
				69E8E1191E91E442009B864A /* Sources */,
				69E8E11A1E91E442009B864A /* Frameworks */,
				69E8E11B1E91E442009B864A /* Resources */,
			);
			buildRules = (
			);
			dependencies = (
				69E8E11F1E91E442009B864A /* PBXTargetDependency */,
			);
			name = CrystalTests;
			productName = CrystalTests;
			productReference = 69E8E11D1E91E442009B864A /* CrystalTests.xctest */;
			productType = "com.apple.product-type.bundle.unit-test";
		};
/* End PBXNativeTarget section */

/* Begin PBXProject section */
		69E8E1001E91E442009B864A /* Project object */ = {
			isa = PBXProject;
			attributes = {
				LastUpgradeCheck = 0620;
				ORGANIZATIONNAME = "Christopher Pham";
				TargetAttributes = {
					69E8E1071E91E442009B864A = {
						CreatedOnToolsVersion = 6.2;
					};
					69E8E11C1E91E442009B864A = {
						CreatedOnToolsVersion = 6.2;
						TestTargetID = 69E8E1071E91E442009B864A;
					};
				};
			};
			buildConfigurationList = 69E8E1031E91E442009B864A /* Build configuration list for PBXProject "Crystal" */;
			compatibilityVersion = "Xcode 3.2";
			developmentRegion = English;
			hasScannedForEncodings = 0;
			knownRegions = (
				en,
				Base,
			);
			mainGroup = 69E8E0FF1E91E442009B864A;
			productRefGroup = 69E8E1091E91E442009B864A /* Products */;
			projectDirPath = "";
			projectRoot = "";
			targets = (
				69E8E1071E91E442009B864A /* Crystal */,
				69E8E11C1E91E442009B864A /* CrystalTests */,
			);
		};
/* End PBXProject section */

/* Begin PBXResourcesBuildPhase section */
		69E8E1061E91E442009B864A /* Resources */ = {
			isa = PBXResourcesBuildPhase;
			buildActionMask = 2147483647;
			files = (
				69E8E1131E91E442009B864A /* Main.storyboard in Resources */,
				69E8E1181E91E442009B864A /* LaunchScreen.xib in Resources */,
				69E8E1151E91E442009B864A /* Images.xcassets in Resources */,
			);
			runOnlyForDeploymentPostprocessing = 0;
		};
		69E8E11B1E91E442009B864A /* Resources */ = {
			isa = PBXResourcesBuildPhase;
			buildActionMask = 2147483647;
			files = (
			);
			runOnlyForDeploymentPostprocessing = 0;
		};
/* End PBXResourcesBuildPhase section */

/* Begin PBXSourcesBuildPhase section */
		69E8E1041E91E442009B864A /* Sources */ = {
			isa = PBXSourcesBuildPhase;
			buildActionMask = 2147483647;
			files = (
				69E8E1101E91E442009B864A /* ViewController.swift in Sources */,
				69E8E10E1E91E442009B864A /* AppDelegate.swift in Sources */,
			);
			runOnlyForDeploymentPostprocessing = 0;
		};
		69E8E1191E91E442009B864A /* Sources */ = {
			isa = PBXSourcesBuildPhase;
			buildActionMask = 2147483647;
			files = (
				69E8E1241E91E442009B864A /* CrystalTests.swift in Sources */,
			);
			runOnlyForDeploymentPostprocessing = 0;
		};
/* End PBXSourcesBuildPhase section */

/* Begin PBXTargetDependency section */
		69E8E11F1E91E442009B864A /* PBXTargetDependency */ = {
			isa = PBXTargetDependency;
			target = 69E8E1071E91E442009B864A /* Crystal */;
			targetProxy = 69E8E11E1E91E442009B864A /* PBXContainerItemProxy */;
		};
/* End PBXTargetDependency section */

/* Begin PBXVariantGroup section */
		69E8E1111E91E442009B864A /* Main.storyboard */ = {
			isa = PBXVariantGroup;
			children = (
				69E8E1121E91E442009B864A /* Base */,
			);
			name = Main.storyboard;
			sourceTree = "<group>";
		};
		69E8E1161E91E442009B864A /* LaunchScreen.xib */ = {
			isa = PBXVariantGroup;
			children = (
				69E8E1171E91E442009B864A /* Base */,
			);
			name = LaunchScreen.xib;
			sourceTree = "<group>";
		};
/* End PBXVariantGroup section */

/* Begin XCBuildConfiguration section */
		69E8E1251E91E442009B864A /* Debug */ = {
			isa = XCBuildConfiguration;
			buildSettings = {
				ALWAYS_SEARCH_USER_PATHS = NO;
				CLANG_CXX_LANGUAGE_STANDARD = "gnu++0x";
				CLANG_CXX_LIBRARY = "libc++";
				CLANG_ENABLE_MODULES = YES;
				CLANG_ENABLE_OBJC_ARC = YES;
				CLANG_WARN_BOOL_CONVERSION = YES;
				CLANG_WARN_CONSTANT_CONVERSION = YES;
				CLANG_WARN_DIRECT_OBJC_ISA_USAGE = YES_ERROR;
				CLANG_WARN_EMPTY_BODY = YES;
				CLANG_WARN_ENUM_CONVERSION = YES;
				CLANG_WARN_INT_CONVERSION = YES;
				CLANG_WARN_OBJC_ROOT_CLASS = YES_ERROR;
				CLANG_WARN_UNREACHABLE_CODE = YES;
				CLANG_WARN__DUPLICATE_METHOD_MATCH = YES;
				"CODE_SIGN_IDENTITY[sdk=iphoneos*]" = "iPhone Developer";
				COPY_PHASE_STRIP = NO;
				ENABLE_STRICT_OBJC_MSGSEND = YES;
				GCC_C_LANGUAGE_STANDARD = gnu99;
				GCC_DYNAMIC_NO_PIC = NO;
				GCC_OPTIMIZATION_LEVEL = 0;
				GCC_PREPROCESSOR_DEFINITIONS = (
					"DEBUG=1",
					"$(inherited)",
				);
				GCC_SYMBOLS_PRIVATE_EXTERN = NO;
				GCC_WARN_64_TO_32_BIT_CONVERSION = YES;
				GCC_WARN_ABOUT_RETURN_TYPE = YES_ERROR;
				GCC_WARN_UNDECLARED_SELECTOR = YES;
				GCC_WARN_UNINITIALIZED_AUTOS = YES_AGGRESSIVE;
				GCC_WARN_UNUSED_FUNCTION = YES;
				GCC_WARN_UNUSED_VARIABLE = YES;
				IPHONEOS_DEPLOYMENT_TARGET = 8.2;
				MTL_ENABLE_DEBUG_INFO = YES;
				ONLY_ACTIVE_ARCH = YES;
				SDKROOT = iphoneos;
				SWIFT_OPTIMIZATION_LEVEL = "-Onone";
				TARGETED_DEVICE_FAMILY = "1,2";
			};
			name = Debug;
		};
		69E8E1261E91E442009B864A /* Release */ = {
			isa = XCBuildConfiguration;
			buildSettings = {
				ALWAYS_SEARCH_USER_PATHS = NO;
				CLANG_CXX_LANGUAGE_STANDARD = "gnu++0x";
				CLANG_CXX_LIBRARY = "libc++";
				CLANG_ENABLE_MODULES = YES;
				CLANG_ENABLE_OBJC_ARC = YES;
				CLANG_WARN_BOOL_CONVERSION = YES;
				CLANG_WARN_CONSTANT_CONVERSION = YES;
				CLANG_WARN_DIRECT_OBJC_ISA_USAGE = YES_ERROR;
				CLANG_WARN_EMPTY_BODY = YES;
				CLANG_WARN_ENUM_CONVERSION = YES;
				CLANG_WARN_INT_CONVERSION = YES;
				CLANG_WARN_OBJC_ROOT_CLASS = YES_ERROR;
				CLANG_WARN_UNREACHABLE_CODE = YES;
				CLANG_WARN__DUPLICATE_METHOD_MATCH = YES;
				"CODE_SIGN_IDENTITY[sdk=iphoneos*]" = "iPhone Developer";
				COPY_PHASE_STRIP = NO;
				ENABLE_NS_ASSERTIONS = NO;
				ENABLE_STRICT_OBJC_MSGSEND = YES;
				GCC_C_LANGUAGE_STANDARD = gnu99;
				GCC_WARN_64_TO_32_BIT_CONVERSION = YES;
				GCC_WARN_ABOUT_RETURN_TYPE = YES_ERROR;
				GCC_WARN_UNDECLARED_SELECTOR = YES;
				GCC_WARN_UNINITIALIZED_AUTOS = YES_AGGRESSIVE;
				GCC_WARN_UNUSED_FUNCTION = YES;
				GCC_WARN_UNUSED_VARIABLE = YES;
				IPHONEOS_DEPLOYMENT_TARGET = 8.2;
				MTL_ENABLE_DEBUG_INFO = NO;
				SDKROOT = iphoneos;
				TARGETED_DEVICE_FAMILY = "1,2";
				VALIDATE_PRODUCT = YES;
			};
			name = Release;
		};
		69E8E1281E91E442009B864A /* Debug */ = {
			isa = XCBuildConfiguration;
			buildSettings = {
				ASSETCATALOG_COMPILER_APPICON_NAME = AppIcon;
				INFOPLIST_FILE = Crystal/Info.plist;
				LD_RUNPATH_SEARCH_PATHS = "$(inherited) @executable_path/Frameworks";
				PRODUCT_NAME = "$(TARGET_NAME)";
			};
			name = Debug;
		};
		69E8E1291E91E442009B864A /* Release */ = {
			isa = XCBuildConfiguration;
			buildSettings = {
				ASSETCATALOG_COMPILER_APPICON_NAME = AppIcon;
				INFOPLIST_FILE = Crystal/Info.plist;
				LD_RUNPATH_SEARCH_PATHS = "$(inherited) @executable_path/Frameworks";
				PRODUCT_NAME = "$(TARGET_NAME)";
			};
			name = Release;
		};
		69E8E12B1E91E442009B864A /* Debug */ = {
			isa = XCBuildConfiguration;
			buildSettings = {
				BUNDLE_LOADER = "$(TEST_HOST)";
				FRAMEWORK_SEARCH_PATHS = (
					"$(SDKROOT)/Developer/Library/Frameworks",
					"$(inherited)",
				);
				GCC_PREPROCESSOR_DEFINITIONS = (
					"DEBUG=1",
					"$(inherited)",
				);
				INFOPLIST_FILE = CrystalTests/Info.plist;
				LD_RUNPATH_SEARCH_PATHS = "$(inherited) @executable_path/Frameworks @loader_path/Frameworks";
				PRODUCT_NAME = "$(TARGET_NAME)";
				TEST_HOST = "$(BUILT_PRODUCTS_DIR)/Crystal.app/Crystal";
			};
			name = Debug;
		};
		69E8E12C1E91E442009B864A /* Release */ = {
			isa = XCBuildConfiguration;
			buildSettings = {
				BUNDLE_LOADER = "$(TEST_HOST)";
				FRAMEWORK_SEARCH_PATHS = (
					"$(SDKROOT)/Developer/Library/Frameworks",
					"$(inherited)",
				);
				INFOPLIST_FILE = CrystalTests/Info.plist;
				LD_RUNPATH_SEARCH_PATHS = "$(inherited) @executable_path/Frameworks @loader_path/Frameworks";
				PRODUCT_NAME = "$(TARGET_NAME)";
				TEST_HOST = "$(BUILT_PRODUCTS_DIR)/Crystal.app/Crystal";
			};
			name = Release;
		};
/* End XCBuildConfiguration section */

/* Begin XCConfigurationList section */
		69E8E1031E91E442009B864A /* Build configuration list for PBXProject "Crystal" */ = {
			isa = XCConfigurationList;
			buildConfigurations = (
				69E8E1251E91E442009B864A /* Debug */,
				69E8E1261E91E442009B864A /* Release */,
			);
			defaultConfigurationIsVisible = 0;
			defaultConfigurationName = Release;
		};
		69E8E1271E91E442009B864A /* Build configuration list for PBXNativeTarget "Crystal" */ = {
			isa = XCConfigurationList;
			buildConfigurations = (
				69E8E1281E91E442009B864A /* Debug */,
				69E8E1291E91E442009B864A /* Release */,
			);
			defaultConfigurationIsVisible = 0;
		};
		69E8E12A1E91E442009B864A /* Build configuration list for PBXNativeTarget "CrystalTests" */ = {
			isa = XCConfigurationList;
			buildConfigurations = (
				69E8E12B1E91E442009B864A /* Debug */,
				69E8E12C1E91E442009B864A /* Release */,
			);
			defaultConfigurationIsVisible = 0;
		};
/* End XCConfigurationList section */
	};
	rootObject = 69E8E1001E91E442009B864A /* Project object */;
}
